
Microsoft Visual Studio Solution File, Format Version 12.00
# Visual Studio Version 17
VisualStudioVersion = 17.14.36221.1
MinimumVisualStudioVersion = 10.0.40219.1
Project("{FAE04EC0-301F-11D3-BF4B-00C04F79EFBC}") = "Echoes", "Echoes\Echoes.csproj", "{763648F3-CF4D-4052-A2B0-855449ACF68A}"
EndProject
Project("{FAE04EC0-301F-11D3-BF4B-00C04F79EFBC}") = "Echoes.SampleApp", "Echoes.SampleApp\Echoes.SampleApp.csproj", "{4DAC7EC9-4AB6-4C19-A693-178BF1096301}"
EndProject
Project("{FAE04EC0-301F-11D3-BF4B-00C04F79EFBC}") = "Echoes.Generator", "Echoes.Generator\Echoes.Generator.csproj", "{1BF2FFA0-990E-4ABA-BDDE-DFC689076D5A}"
EndProject
Project("{FAE04EC0-301F-11D3-BF4B-00C04F79EFBC}") = "Echoes.Generator.Tests", "Echoes.Generator.Tests\Echoes.Generator.Tests.csproj", "{C8261FBE-3393-4CA7-B1F2-AC7266828DF2}"
EndProject
Project("{FAE04EC0-301F-11D3-BF4B-00C04F79EFBC}") = "Echoes.SampleApp.Translations", "Echoes.SampleApp.Translations\Echoes.SampleApp.Translations.csproj", "{6F12EF5D-EC8B-47B6-A545-884E85827103}"
EndProject
Project("{2150E333-8FDC-42A3-9474-1A3956D46DE8}") = "misc", "misc", "{DCBA01BE-BC2F-4101-B800-953450C70B45}"
	ProjectSection(SolutionItems) = preProject
		Directory.Build.props = Directory.Build.props
		global.json = global.json
		..\README.md = ..\README.md
	EndProjectSection
EndProject
Project("{FAE04EC0-301F-11D3-BF4B-00C04F79EFBC}") = "Echoes.Avalonia", "Echoes.Avalonia\Echoes.Avalonia.csproj", "{8A1D6024-4CD5-74F5-B1F6-77E2D15589B4}"
EndProject
Project("{FAE04EC0-301F-11D3-BF4B-00C04F79EFBC}") = "Echoes.Base", "Echoes.Base\Echoes.Base.csproj", "{7D7E65B8-D7BC-48EF-B6B9-E665134E4E77}"
EndProject
Project("{FAE04EC0-301F-11D3-BF4B-00C04F79EFBC}") = "Echoes.IntegrationTests", "Echoes.IntegrationTests\Echoes.IntegrationTests.csproj", "{228D2B59-2A21-4679-82C5-DA921154DFD5}"
EndProject
Project("{FAE04EC0-301F-11D3-BF4B-00C04F79EFBC}") = "Echoes.IntegrationTests.TestData", "Echoes.IntegrationTests.TestData\Echoes.IntegrationTests.TestData.csproj", "{F69C1E60-E4A3-4879-B732-A0578C91DEBD}"
EndProject
Global
	GlobalSection(SolutionConfigurationPlatforms) = preSolution
		Debug|Any CPU = Debug|Any CPU
		Release|Any CPU = Release|Any CPU
	EndGlobalSection
	GlobalSection(ProjectConfigurationPlatforms) = postSolution
		{763648F3-CF4D-4052-A2B0-855449ACF68A}.Debug|Any CPU.ActiveCfg = Debug|Any CPU
		{763648F3-CF4D-4052-A2B0-855449ACF68A}.Debug|Any CPU.Build.0 = Debug|Any CPU
		{763648F3-CF4D-4052-A2B0-855449ACF68A}.Release|Any CPU.ActiveCfg = Release|Any CPU
		{763648F3-CF4D-4052-A2B0-855449ACF68A}.Release|Any CPU.Build.0 = Release|Any CPU
		{4DAC7EC9-4AB6-4C19-A693-178BF1096301}.Debug|Any CPU.ActiveCfg = Debug|Any CPU
		{4DAC7EC9-4AB6-4C19-A693-178BF1096301}.Debug|Any CPU.Build.0 = Debug|Any CPU
		{4DAC7EC9-4AB6-4C19-A693-178BF1096301}.Release|Any CPU.ActiveCfg = Release|Any CPU
		{4DAC7EC9-4AB6-4C19-A693-178BF1096301}.Release|Any CPU.Build.0 = Release|Any CPU
		{1BF2FFA0-990E-4ABA-BDDE-DFC689076D5A}.Debug|Any CPU.ActiveCfg = Debug|Any CPU
		{1BF2FFA0-990E-4ABA-BDDE-DFC689076D5A}.Debug|Any CPU.Build.0 = Debug|Any CPU
		{1BF2FFA0-990E-4ABA-BDDE-DFC689076D5A}.Release|Any CPU.ActiveCfg = Release|Any CPU
		{1BF2FFA0-990E-4ABA-BDDE-DFC689076D5A}.Release|Any CPU.Build.0 = Release|Any CPU
		{C8261FBE-3393-4CA7-B1F2-AC7266828DF2}.Debug|Any CPU.ActiveCfg = Debug|Any CPU
		{C8261FBE-3393-4CA7-B1F2-AC7266828DF2}.Debug|Any CPU.Build.0 = Debug|Any CPU
		{C8261FBE-3393-4CA7-B1F2-AC7266828DF2}.Release|Any CPU.ActiveCfg = Release|Any CPU
		{C8261FBE-3393-4CA7-B1F2-AC7266828DF2}.Release|Any CPU.Build.0 = Release|Any CPU
		{6F12EF5D-EC8B-47B6-A545-884E85827103}.Debug|Any CPU.ActiveCfg = Debug|Any CPU
		{6F12EF5D-EC8B-47B6-A545-884E85827103}.Debug|Any CPU.Build.0 = Debug|Any CPU
		{6F12EF5D-EC8B-47B6-A545-884E85827103}.Release|Any CPU.ActiveCfg = Release|Any CPU
		{6F12EF5D-EC8B-47B6-A545-884E85827103}.Release|Any CPU.Build.0 = Release|Any CPU
		{8A1D6024-4CD5-74F5-B1F6-77E2D15589B4}.Debug|Any CPU.ActiveCfg = Debug|Any CPU
		{8A1D6024-4CD5-74F5-B1F6-77E2D15589B4}.Debug|Any CPU.Build.0 = Debug|Any CPU
		{8A1D6024-4CD5-74F5-B1F6-77E2D15589B4}.Release|Any CPU.ActiveCfg = Release|Any CPU
		{8A1D6024-4CD5-74F5-B1F6-77E2D15589B4}.Release|Any CPU.Build.0 = Release|Any CPU
		{7D7E65B8-D7BC-48EF-B6B9-E665134E4E77}.Debug|Any CPU.ActiveCfg = Debug|Any CPU
		{7D7E65B8-D7BC-48EF-B6B9-E665134E4E77}.Debug|Any CPU.Build.0 = Debug|Any CPU
		{7D7E65B8-D7BC-48EF-B6B9-E665134E4E77}.Release|Any CPU.ActiveCfg = Release|Any CPU
		{7D7E65B8-D7BC-48EF-B6B9-E665134E4E77}.Release|Any CPU.Build.0 = Release|Any CPU
		{228D2B59-2A21-4679-82C5-DA921154DFD5}.Debug|Any CPU.ActiveCfg = Debug|Any CPU
		{228D2B59-2A21-4679-82C5-DA921154DFD5}.Debug|Any CPU.Build.0 = Debug|Any CPU
		{228D2B59-2A21-4679-82C5-DA921154DFD5}.Release|Any CPU.ActiveCfg = Release|Any CPU
		{228D2B59-2A21-4679-82C5-DA921154DFD5}.Release|Any CPU.Build.0 = Release|Any CPU
		{F69C1E60-E4A3-4879-B732-A0578C91DEBD}.Debug|Any CPU.ActiveCfg = Debug|Any CPU
		{F69C1E60-E4A3-4879-B732-A0578C91DEBD}.Debug|Any CPU.Build.0 = Debug|Any CPU
		{F69C1E60-E4A3-4879-B732-A0578C91DEBD}.Release|Any CPU.ActiveCfg = Release|Any CPU
		{F69C1E60-E4A3-4879-B732-A0578C91DEBD}.Release|Any CPU.Build.0 = Release|Any CPU
	EndGlobalSection
	GlobalSection(SolutionProperties) = preSolution
		HideSolutionNode = FALSE
	EndGlobalSection
	GlobalSection(ExtensibilityGlobals) = postSolution
		SolutionGuid = {5830B9A2-9CE5-43F2-B3FF-86C1AF9E95B6}
	EndGlobalSection
EndGlobal
